{
  "name": "com.synestheticecho.ffmpeg-clipper",
  "version": "0.0.1",
  "lockfileVersion": 1,
  "requires": true,
  "dependencies": {
    "com.synestheticecho.scriptable-variables": {
      "version": "git+https://github.com/GordeyChernyy/ScriptablePipeline.git#48a2c326976a549f07213e1ecbaf8a9ba5a73e7d",
      "from": "git+https://github.com/GordeyChernyy/ScriptablePipeline.git#upm-SV"
    }
  }
}
